{
  "requires": true,
  "lockfileVersion": 1,
  "dependencies": {
    "firebase": {
      "version": "2.4.2",
      "resolved": "https://registry.npmjs.org/firebase/-/firebase-2.4.2.tgz",
      "integrity": "sha1-ThEZ7AOWylYdinrL/xYw/qxsCjE=",
      "requires": {
        "faye-websocket": ">=0.6.0"
      },
      "dependencies": {
        "faye-websocket": {
          "version": "0.9.3",
          "resolved": "https://registry.npmjs.org/faye-websocket/-/faye-websocket-0.9.3.tgz",
          "integrity": "sha1-SCpQWw3wrmJrlphm0710DNuWLoM=",
          "requires": {
            "websocket-driver": ">=0.5.1"
          },
          "dependencies": {
            "websocket-driver": {
              "version": "0.5.2",
              "resolved": "https://registry.npmjs.org/websocket-driver/-/websocket-driver-0.5.2.tgz",
              "integrity": "sha1-jHyF2gcTtAYFVrTXHAF3XuEmnrk=",
              "requires": {
                "websocket-extensions": ">=0.1.1"
              },
              "dependencies": {
                "websocket-extensions": {
                  "version": "0.1.1",
                  "resolved": "https://registry.npmjs.org/websocket-extensions/-/websocket-extensions-0.1.1.tgz",
                  "integrity": "sha1-domUmcGEtu91Q3fC27DNbLVdKec="
                }
              }
            }
          }
        }
      }
    },
    "firebase-token-generator": {
      "version": "2.0.0",
      "resolved": "https://registry.npmjs.org/firebase-token-generator/-/firebase-token-generator-2.0.0.tgz",
      "integrity": "sha1-l2fXWewTq9yZuhFf1eqZ2Lk9EgY="
    },
    "firestore": {
      "version": "1.1.6",
      "resolved": "https://registry.npmjs.org/firestore/-/firestore-1.1.6.tgz",
      "integrity": "sha1-cyhLzp/psIva1sGCeNJbaW4SPMI=",
      "requires": {
        "firebase": "^2.1.2",
        "firebase-token-generator": "^2.0.0",
        "lodash": "^3.1.0"
      }
    },
    "lodash": {
      "version": "3.10.1",
      "resolved": "https://registry.npmjs.org/lodash/-/lodash-3.10.1.tgz",
      "integrity": "sha1-W/Rejkm6QYnhfUgnid/RW9FAt7Y="
    }
  }
}
